
Microsoft Visual Studio Solution File, Format Version 12.00
# Visual Studio Version 17
VisualStudioVersion = 17.1.32210.238
MinimumVisualStudioVersion = 10.0.40219.1
Project("{9A19103F-16F7-4668-BE54-9A1E7A4F7556}") = "BookTrackingApplication", "BookTrackingApplication\BookTrackingApplication.csproj", "{FBB9FF2E-B400-4821-9396-0279A5C04068}"
EndProject
Global
	GlobalSection(SolutionConfigurationPlatforms) = preSolution
		Debug|Any CPU = Debug|Any CPU
		Release|Any CPU = Release|Any CPU
	EndGlobalSection
	GlobalSection(ProjectConfigurationPlatforms) = postSolution
		{FBB9FF2E-B400-4821-9396-0279A5C04068}.Debug|Any CPU.ActiveCfg = Debug|Any CPU
		{FBB9FF2E-B400-4821-9396-0279A5C04068}.Debug|Any CPU.Build.0 = Debug|Any CPU
		{FBB9FF2E-B400-4821-9396-0279A5C04068}.Release|Any CPU.ActiveCfg = Release|Any CPU
		{FBB9FF2E-B400-4821-9396-0279A5C04068}.Release|Any CPU.Build.0 = Release|Any CPU
	EndGlobalSection
	GlobalSection(SolutionProperties) = preSolution
		HideSolutionNode = FALSE
	EndGlobalSection
	GlobalSection(ExtensibilityGlobals) = postSolution
		SolutionGuid = {08F31C2F-7E3E-4660-B082-206903866AE3}
	EndGlobalSection
EndGlobal
